// !$*UTF8*$!
{
	archiveVersion = 1;
	classes = {
	};
	objectVersion = 50;
	objects = {

/* Begin PBXBuildFile section */
		B1826F1F2603DC8900C8FC20 /* _1_BookwormApp.swift in Sources */ = {isa = PBXBuildFile; fileRef = B1826F1E2603DC8900C8FC20 /* _1_BookwormApp.swift */; };
		B1826F212603DC8900C8FC20 /* ContentView.swift in Sources */ = {isa = PBXBuildFile; fileRef = B1826F202603DC8900C8FC20 /* ContentView.swift */; };
		B1826F232603DC8C00C8FC20 /* Assets.xcassets in Resources */ = {isa = PBXBuildFile; fileRef = B1826F222603DC8C00C8FC20 /* Assets.xcassets */; };
		B1826F262603DC8C00C8FC20 /* Preview Assets.xcassets in Resources */ = {isa = PBXBuildFile; fileRef = B1826F252603DC8C00C8FC20 /* Preview Assets.xcassets */; };
		B1826F282603DC8C00C8FC20 /* Persistence.swift in Sources */ = {isa = PBXBuildFile; fileRef = B1826F272603DC8C00C8FC20 /* Persistence.swift */; };
		B1826F2B2603DC8C00C8FC20 /* _1_Bookworm.xcdatamodeld in Sources */ = {isa = PBXBuildFile; fileRef = B1826F292603DC8C00C8FC20 /* _1_Bookworm.xcdatamodeld */; };
		B1826F3D2603DCA700C8FC20 /* 04. How to combine Core Data and SwiftUI.swift in Sources */ = {isa = PBXBuildFile; fileRef = B1826F372603DCA600C8FC20 /* 04. How to combine Core Data and SwiftUI.swift */; };
		B1826F3E2603DCA700C8FC20 /* 00. TOC One.swift in Sources */ = {isa = PBXBuildFile; fileRef = B1826F382603DCA600C8FC20 /* 00. TOC One.swift */; };
		B1826F3F2603DCA700C8FC20 /* 01. Bookworm introduction.swift in Sources */ = {isa = PBXBuildFile; fileRef = B1826F392603DCA600C8FC20 /* 01. Bookworm introduction.swift */; };
		B1826F402603DCA700C8FC20 /* 02. Creating a custom component with @Binding.swift in Sources */ = {isa = PBXBuildFile; fileRef = B1826F3A2603DCA600C8FC20 /* 02. Creating a custom component with @Binding.swift */; };
		B1826F412603DCA700C8FC20 /* 03. Using size classes with AnyView type erasure.swift in Sources */ = {isa = PBXBuildFile; fileRef = B1826F3B2603DCA600C8FC20 /* 03. Using size classes with AnyView type erasure.swift */; };
/* End PBXBuildFile section */

/* Begin PBXFileReference section */
		B1826F1B2603DC8900C8FC20 /* 11_Bookworm.app */ = {isa = PBXFileReference; explicitFileType = wrapper.application; includeInIndex = 0; path = 11_Bookworm.app; sourceTree = BUILT_PRODUCTS_DIR; };
		B1826F1E2603DC8900C8FC20 /* _1_BookwormApp.swift */ = {isa = PBXFileReference; lastKnownFileType = sourcecode.swift; path = _1_BookwormApp.swift; sourceTree = "<group>"; };
		B1826F202603DC8900C8FC20 /* ContentView.swift */ = {isa = PBXFileReference; lastKnownFileType = sourcecode.swift; path = ContentView.swift; sourceTree = "<group>"; };
		B1826F222603DC8C00C8FC20 /* Assets.xcassets */ = {isa = PBXFileReference; lastKnownFileType = folder.assetcatalog; path = Assets.xcassets; sourceTree = "<group>"; };
		B1826F252603DC8C00C8FC20 /* Preview Assets.xcassets */ = {isa = PBXFileReference; lastKnownFileType = folder.assetcatalog; path = "Preview Assets.xcassets"; sourceTree = "<group>"; };
		B1826F272603DC8C00C8FC20 /* Persistence.swift */ = {isa = PBXFileReference; lastKnownFileType = sourcecode.swift; path = Persistence.swift; sourceTree = "<group>"; };
		B1826F2A2603DC8C00C8FC20 /* _1_Bookworm.xcdatamodel */ = {isa = PBXFileReference; lastKnownFileType = wrapper.xcdatamodel; path = _1_Bookworm.xcdatamodel; sourceTree = "<group>"; };
		B1826F2C2603DC8C00C8FC20 /* Info.plist */ = {isa = PBXFileReference; lastKnownFileType = text.plist.xml; path = Info.plist; sourceTree = "<group>"; };
		B1826F372603DCA600C8FC20 /* 04. How to combine Core Data and SwiftUI.swift */ = {isa = PBXFileReference; fileEncoding = 4; lastKnownFileType = sourcecode.swift; path = "04. How to combine Core Data and SwiftUI.swift"; sourceTree = "<group>"; };
		B1826F382603DCA600C8FC20 /* 00. TOC One.swift */ = {isa = PBXFileReference; fileEncoding = 4; lastKnownFileType = sourcecode.swift; path = "00. TOC One.swift"; sourceTree = "<group>"; };
		B1826F392603DCA600C8FC20 /* 01. Bookworm introduction.swift */ = {isa = PBXFileReference; fileEncoding = 4; lastKnownFileType = sourcecode.swift; path = "01. Bookworm introduction.swift"; sourceTree = "<group>"; };
		B1826F3A2603DCA600C8FC20 /* 02. Creating a custom component with @Binding.swift */ = {isa = PBXFileReference; fileEncoding = 4; lastKnownFileType = sourcecode.swift; path = "02. Creating a custom component with @Binding.swift"; sourceTree = "<group>"; };
		B1826F3B2603DCA600C8FC20 /* 03. Using size classes with AnyView type erasure.swift */ = {isa = PBXFileReference; fileEncoding = 4; lastKnownFileType = sourcecode.swift; path = "03. Using size classes with AnyView type erasure.swift"; sourceTree = "<group>"; };
/* End PBXFileReference section */

/* Begin PBXFrameworksBuildPhase section */
		B1826F182603DC8900C8FC20 /* Frameworks */ = {
			isa = PBXFrameworksBuildPhase;
			buildActionMask = 2147483647;
			files = (
			);
			runOnlyForDeploymentPostprocessing = 0;
		};
/* End PBXFrameworksBuildPhase section */

/* Begin PBXGroup section */
		B1826F122603DC8900C8FC20 = {
			isa = PBXGroup;
			children = (
				B1826F1D2603DC8900C8FC20 /* 11_Bookworm */,
				B1826F1C2603DC8900C8FC20 /* Products */,
			);
			sourceTree = "<group>";
		};
		B1826F1C2603DC8900C8FC20 /* Products */ = {
			isa = PBXGroup;
			children = (
				B1826F1B2603DC8900C8FC20 /* 11_Bookworm.app */,
			);
			name = Products;
			sourceTree = "<group>";
		};
		B1826F1D2603DC8900C8FC20 /* 11_Bookworm */ = {
			isa = PBXGroup;
			children = (
				B1826F1E2603DC8900C8FC20 /* _1_BookwormApp.swift */,
				B1826F202603DC8900C8FC20 /* ContentView.swift */,
				B1826F222603DC8C00C8FC20 /* Assets.xcassets */,
				B1826F272603DC8C00C8FC20 /* Persistence.swift */,
				B1826F2C2603DC8C00C8FC20 /* Info.plist */,
				B1826F292603DC8C00C8FC20 /* _1_Bookworm.xcdatamodeld */,
				B1826F332603DCA600C8FC20 /* Notes */,
				B1826F242603DC8C00C8FC20 /* Preview Content */,
			);
			path = 11_Bookworm;
			sourceTree = "<group>";
		};
		B1826F242603DC8C00C8FC20 /* Preview Content */ = {
			isa = PBXGroup;
			children = (
				B1826F252603DC8C00C8FC20 /* Preview Assets.xcassets */,
			);
			path = "Preview Content";
			sourceTree = "<group>";
		};
		B1826F332603DCA600C8FC20 /* Notes */ = {
			isa = PBXGroup;
			children = (
				B1826F362603DCA600C8FC20 /* Day One */,
				B1826F352603DCA600C8FC20 /* Day Two */,
				B1826F3C2603DCA600C8FC20 /* Day Three */,
				B1826F342603DCA600C8FC20 /* Day Four */,
			);
			path = Notes;
			sourceTree = "<group>";
		};
		B1826F342603DCA600C8FC20 /* Day Four */ = {
			isa = PBXGroup;
			children = (
			);
			path = "Day Four";
			sourceTree = "<group>";
		};
		B1826F352603DCA600C8FC20 /* Day Two */ = {
			isa = PBXGroup;
			children = (
			);
			path = "Day Two";
			sourceTree = "<group>";
		};
		B1826F362603DCA600C8FC20 /* Day One */ = {
			isa = PBXGroup;
			children = (
				B1826F382603DCA600C8FC20 /* 00. TOC One.swift */,
				B1826F392603DCA600C8FC20 /* 01. Bookworm introduction.swift */,
				B1826F3A2603DCA600C8FC20 /* 02. Creating a custom component with @Binding.swift */,
				B1826F3B2603DCA600C8FC20 /* 03. Using size classes with AnyView type erasure.swift */,
				B1826F372603DCA600C8FC20 /* 04. How to combine Core Data and SwiftUI.swift */,
			);
			path = "Day One";
			sourceTree = "<group>";
		};
		B1826F3C2603DCA600C8FC20 /* Day Three */ = {
			isa = PBXGroup;
			children = (
			);
			path = "Day Three";
			sourceTree = "<group>";
		};
/* End PBXGroup section */

/* Begin PBXNativeTarget section */
		B1826F1A2603DC8900C8FC20 /* 11_Bookworm */ = {
			isa = PBXNativeTarget;
			buildConfigurationList = B1826F2F2603DC8C00C8FC20 /* Build configuration list for PBXNativeTarget "11_Bookworm" */;
			buildPhases = (
				B1826F172603DC8900C8FC20 /* Sources */,
				B1826F182603DC8900C8FC20 /* Frameworks */,
				B1826F192603DC8900C8FC20 /* Resources */,
			);
			buildRules = (
			);
			dependencies = (
			);
			name = 11_Bookworm;
			productName = 11_Bookworm;
			productReference = B1826F1B2603DC8900C8FC20 /* 11_Bookworm.app */;
			productType = "com.apple.product-type.application";
		};
/* End PBXNativeTarget section */

/* Begin PBXProject section */
		B1826F132603DC8900C8FC20 /* Project object */ = {
			isa = PBXProject;
			attributes = {
				LastSwiftUpdateCheck = 1240;
				LastUpgradeCheck = 1240;
				TargetAttributes = {
					B1826F1A2603DC8900C8FC20 = {
						CreatedOnToolsVersion = 12.4;
					};
				};
			};
			buildConfigurationList = B1826F162603DC8900C8FC20 /* Build configuration list for PBXProject "11_Bookworm" */;
			compatibilityVersion = "Xcode 9.3";
			developmentRegion = en;
			hasScannedForEncodings = 0;
			knownRegions = (
				en,
				Base,
			);
			mainGroup = B1826F122603DC8900C8FC20;
			productRefGroup = B1826F1C2603DC8900C8FC20 /* Products */;
			projectDirPath = "";
			projectRoot = "";
			targets = (
				B1826F1A2603DC8900C8FC20 /* 11_Bookworm */,
			);
		};
/* End PBXProject section */

/* Begin PBXResourcesBuildPhase section */
		B1826F192603DC8900C8FC20 /* Resources */ = {
			isa = PBXResourcesBuildPhase;
			buildActionMask = 2147483647;
			files = (
				B1826F262603DC8C00C8FC20 /* Preview Assets.xcassets in Resources */,
				B1826F232603DC8C00C8FC20 /* Assets.xcassets in Resources */,
			);
			runOnlyForDeploymentPostprocessing = 0;
		};
/* End PBXResourcesBuildPhase section */

/* Begin PBXSourcesBuildPhase section */
		B1826F172603DC8900C8FC20 /* Sources */ = {
			isa = PBXSourcesBuildPhase;
			buildActionMask = 2147483647;
			files = (
				B1826F412603DCA700C8FC20 /* 03. Using size classes with AnyView type erasure.swift in Sources */,
				B1826F282603DC8C00C8FC20 /* Persistence.swift in Sources */,
				B1826F212603DC8900C8FC20 /* ContentView.swift in Sources */,
				B1826F3E2603DCA700C8FC20 /* 00. TOC One.swift in Sources */,
				B1826F402603DCA700C8FC20 /* 02. Creating a custom component with @Binding.swift in Sources */,
				B1826F1F2603DC8900C8FC20 /* _1_BookwormApp.swift in Sources */,
				B1826F2B2603DC8C00C8FC20 /* _1_Bookworm.xcdatamodeld in Sources */,
				B1826F3D2603DCA700C8FC20 /* 04. How to combine Core Data and SwiftUI.swift in Sources */,
				B1826F3F2603DCA700C8FC20 /* 01. Bookworm introduction.swift in Sources */,
			);
			runOnlyForDeploymentPostprocessing = 0;
		};
/* End PBXSourcesBuildPhase section */

/* Begin XCBuildConfiguration section */
		B1826F2D2603DC8C00C8FC20 /* Debug */ = {
			isa = XCBuildConfiguration;
			buildSettings = {
				ALWAYS_SEARCH_USER_PATHS = NO;
				CLANG_ANALYZER_NONNULL = YES;
				CLANG_ANALYZER_NUMBER_OBJECT_CONVERSION = YES_AGGRESSIVE;
				CLANG_CXX_LANGUAGE_STANDARD = "gnu++14";
				CLANG_CXX_LIBRARY = "libc++";
				CLANG_ENABLE_MODULES = YES;
				CLANG_ENABLE_OBJC_ARC = YES;
				CLANG_ENABLE_OBJC_WEAK = YES;
				CLANG_WARN_BLOCK_CAPTURE_AUTORELEASING = YES;
				CLANG_WARN_BOOL_CONVERSION = YES;
				CLANG_WARN_COMMA = YES;
				CLANG_WARN_CONSTANT_CONVERSION = YES;
				CLANG_WARN_DEPRECATED_OBJC_IMPLEMENTATIONS = YES;
				CLANG_WARN_DIRECT_OBJC_ISA_USAGE = YES_ERROR;
				CLANG_WARN_DOCUMENTATION_COMMENTS = YES;
				CLANG_WARN_EMPTY_BODY = YES;
				CLANG_WARN_ENUM_CONVERSION = YES;
				CLANG_WARN_INFINITE_RECURSION = YES;
				CLANG_WARN_INT_CONVERSION = YES;
				CLANG_WARN_NON_LITERAL_NULL_CONVERSION = YES;
				CLANG_WARN_OBJC_IMPLICIT_RETAIN_SELF = YES;
				CLANG_WARN_OBJC_LITERAL_CONVERSION = YES;
				CLANG_WARN_OBJC_ROOT_CLASS = YES_ERROR;
				CLANG_WARN_QUOTED_INCLUDE_IN_FRAMEWORK_HEADER = YES;
				CLANG_WARN_RANGE_LOOP_ANALYSIS = YES;
				CLANG_WARN_STRICT_PROTOTYPES = YES;
				CLANG_WARN_SUSPICIOUS_MOVE = YES;
				CLANG_WARN_UNGUARDED_AVAILABILITY = YES_AGGRESSIVE;
				CLANG_WARN_UNREACHABLE_CODE = YES;
				CLANG_WARN__DUPLICATE_METHOD_MATCH = YES;
				COPY_PHASE_STRIP = NO;
				DEBUG_INFORMATION_FORMAT = dwarf;
				ENABLE_STRICT_OBJC_MSGSEND = YES;
				ENABLE_TESTABILITY = YES;
				GCC_C_LANGUAGE_STANDARD = gnu11;
				GCC_DYNAMIC_NO_PIC = NO;
				GCC_NO_COMMON_BLOCKS = YES;
				GCC_OPTIMIZATION_LEVEL = 0;
				GCC_PREPROCESSOR_DEFINITIONS = (
					"DEBUG=1",
					"$(inherited)",
				);
				GCC_WARN_64_TO_32_BIT_CONVERSION = YES;
				GCC_WARN_ABOUT_RETURN_TYPE = YES_ERROR;
				GCC_WARN_UNDECLARED_SELECTOR = YES;
				GCC_WARN_UNINITIALIZED_AUTOS = YES_AGGRESSIVE;
				GCC_WARN_UNUSED_FUNCTION = YES;
				GCC_WARN_UNUSED_VARIABLE = YES;
				IPHONEOS_DEPLOYMENT_TARGET = 14.4;
				MTL_ENABLE_DEBUG_INFO = INCLUDE_SOURCE;
				MTL_FAST_MATH = YES;
				ONLY_ACTIVE_ARCH = YES;
				SDKROOT = iphoneos;
				SWIFT_ACTIVE_COMPILATION_CONDITIONS = DEBUG;
				SWIFT_OPTIMIZATION_LEVEL = "-Onone";
			};
			name = Debug;
		};
		B1826F2E2603DC8C00C8FC20 /* Release */ = {
			isa = XCBuildConfiguration;
			buildSettings = {
				ALWAYS_SEARCH_USER_PATHS = NO;
				CLANG_ANALYZER_NONNULL = YES;
				CLANG_ANALYZER_NUMBER_OBJECT_CONVERSION = YES_AGGRESSIVE;
				CLANG_CXX_LANGUAGE_STANDARD = "gnu++14";
				CLANG_CXX_LIBRARY = "libc++";
				CLANG_ENABLE_MODULES = YES;
				CLANG_ENABLE_OBJC_ARC = YES;
				CLANG_ENABLE_OBJC_WEAK = YES;
				CLANG_WARN_BLOCK_CAPTURE_AUTORELEASING = YES;
				CLANG_WARN_BOOL_CONVERSION = YES;
				CLANG_WARN_COMMA = YES;
				CLANG_WARN_CONSTANT_CONVERSION = YES;
				CLANG_WARN_DEPRECATED_OBJC_IMPLEMENTATIONS = YES;
				CLANG_WARN_DIRECT_OBJC_ISA_USAGE = YES_ERROR;
				CLANG_WARN_DOCUMENTATION_COMMENTS = YES;
				CLANG_WARN_EMPTY_BODY = YES;
				CLANG_WARN_ENUM_CONVERSION = YES;
				CLANG_WARN_INFINITE_RECURSION = YES;
				CLANG_WARN_INT_CONVERSION = YES;
				CLANG_WARN_NON_LITERAL_NULL_CONVERSION = YES;
				CLANG_WARN_OBJC_IMPLICIT_RETAIN_SELF = YES;
				CLANG_WARN_OBJC_LITERAL_CONVERSION = YES;
				CLANG_WARN_OBJC_ROOT_CLASS = YES_ERROR;
				CLANG_WARN_QUOTED_INCLUDE_IN_FRAMEWORK_HEADER = YES;
				CLANG_WARN_RANGE_LOOP_ANALYSIS = YES;
				CLANG_WARN_STRICT_PROTOTYPES = YES;
				CLANG_WARN_SUSPICIOUS_MOVE = YES;
				CLANG_WARN_UNGUARDED_AVAILABILITY = YES_AGGRESSIVE;
				CLANG_WARN_UNREACHABLE_CODE = YES;
				CLANG_WARN__DUPLICATE_METHOD_MATCH = YES;
				COPY_PHASE_STRIP = NO;
				DEBUG_INFORMATION_FORMAT = "dwarf-with-dsym";
				ENABLE_NS_ASSERTIONS = NO;
				ENABLE_STRICT_OBJC_MSGSEND = YES;
				GCC_C_LANGUAGE_STANDARD = gnu11;
				GCC_NO_COMMON_BLOCKS = YES;
				GCC_WARN_64_TO_32_BIT_CONVERSION = YES;
				GCC_WARN_ABOUT_RETURN_TYPE = YES_ERROR;
				GCC_WARN_UNDECLARED_SELECTOR = YES;
				GCC_WARN_UNINITIALIZED_AUTOS = YES_AGGRESSIVE;
				GCC_WARN_UNUSED_FUNCTION = YES;
				GCC_WARN_UNUSED_VARIABLE = YES;
				IPHONEOS_DEPLOYMENT_TARGET = 14.4;
				MTL_ENABLE_DEBUG_INFO = NO;
				MTL_FAST_MATH = YES;
				SDKROOT = iphoneos;
				SWIFT_COMPILATION_MODE = wholemodule;
				SWIFT_OPTIMIZATION_LEVEL = "-O";
				VALIDATE_PRODUCT = YES;
			};
			name = Release;
		};
		B1826F302603DC8C00C8FC20 /* Debug */ = {
			isa = XCBuildConfiguration;
			buildSettings = {
				ASSETCATALOG_COMPILER_APPICON_NAME = AppIcon;
				ASSETCATALOG_COMPILER_GLOBAL_ACCENT_COLOR_NAME = AccentColor;
				CODE_SIGN_STYLE = Automatic;
				DEVELOPMENT_ASSET_PATHS = "\"11_Bookworm/Preview Content\"";
				DEVELOPMENT_TEAM = F23TSX4L63;
				ENABLE_PREVIEWS = YES;
				INFOPLIST_FILE = 11_Bookworm/Info.plist;
				IPHONEOS_DEPLOYMENT_TARGET = 14.0;
				LD_RUNPATH_SEARCH_PATHS = (
					"$(inherited)",
					"@executable_path/Frameworks",
				);
				PRODUCT_BUNDLE_IDENTIFIER = "austinDynamics.-1-Bookworm";
				PRODUCT_NAME = "$(TARGET_NAME)";
				SWIFT_VERSION = 5.0;
				TARGETED_DEVICE_FAMILY = "1,2";
			};
			name = Debug;
		};
		B1826F312603DC8C00C8FC20 /* Release */ = {
			isa = XCBuildConfiguration;
			buildSettings = {
				ASSETCATALOG_COMPILER_APPICON_NAME = AppIcon;
				ASSETCATALOG_COMPILER_GLOBAL_ACCENT_COLOR_NAME = AccentColor;
				CODE_SIGN_STYLE = Automatic;
				DEVELOPMENT_ASSET_PATHS = "\"11_Bookworm/Preview Content\"";
				DEVELOPMENT_TEAM = F23TSX4L63;
				ENABLE_PREVIEWS = YES;
				INFOPLIST_FILE = 11_Bookworm/Info.plist;
				IPHONEOS_DEPLOYMENT_TARGET = 14.0;
				LD_RUNPATH_SEARCH_PATHS = (
					"$(inherited)",
					"@executable_path/Frameworks",
				);
				PRODUCT_BUNDLE_IDENTIFIER = "austinDynamics.-1-Bookworm";
				PRODUCT_NAME = "$(TARGET_NAME)";
				SWIFT_VERSION = 5.0;
				TARGETED_DEVICE_FAMILY = "1,2";
			};
			name = Release;
		};
/* End XCBuildConfiguration section */

/* Begin XCConfigurationList section */
		B1826F162603DC8900C8FC20 /* Build configuration list for PBXProject "11_Bookworm" */ = {
			isa = XCConfigurationList;
			buildConfigurations = (
				B1826F2D2603DC8C00C8FC20 /* Debug */,
				B1826F2E2603DC8C00C8FC20 /* Release */,
			);
			defaultConfigurationIsVisible = 0;
			defaultConfigurationName = Release;
		};
		B1826F2F2603DC8C00C8FC20 /* Build configuration list for PBXNativeTarget "11_Bookworm" */ = {
			isa = XCConfigurationList;
			buildConfigurations = (
				B1826F302603DC8C00C8FC20 /* Debug */,
				B1826F312603DC8C00C8FC20 /* Release */,
			);
			defaultConfigurationIsVisible = 0;
			defaultConfigurationName = Release;
		};
/* End XCConfigurationList section */

/* Begin XCVersionGroup section */
		B1826F292603DC8C00C8FC20 /* _1_Bookworm.xcdatamodeld */ = {
			isa = XCVersionGroup;
			children = (
				B1826F2A2603DC8C00C8FC20 /* _1_Bookworm.xcdatamodel */,
			);
			currentVersion = B1826F2A2603DC8C00C8FC20 /* _1_Bookworm.xcdatamodel */;
			path = _1_Bookworm.xcdatamodeld;
			sourceTree = "<group>";
			versionGroupType = wrapper.xcdatamodel;
		};
/* End XCVersionGroup section */
	};
	rootObject = B1826F132603DC8900C8FC20 /* Project object */;
}
